// !$*UTF8*$!
{
	archiveVersion = 1;
	classes = {
	};
	objectVersion = 55;
	objects = {

/* Begin PBXBuildFile section */
		B1037FAC2705594D004B3E3D /* UserModel.swift in Sources */ = {isa = PBXBuildFile; fileRef = B1037FAB2705594D004B3E3D /* UserModel.swift */; };
		B1037FAE27055A65004B3E3D /* CreateUserModel.swift in Sources */ = {isa = PBXBuildFile; fileRef = B1037FAD27055A65004B3E3D /* CreateUserModel.swift */; };
		B1037FB027055F62004B3E3D /* Database.swift in Sources */ = {isa = PBXBuildFile; fileRef = B1037FAF27055F62004B3E3D /* Database.swift */; };
		B11645BB270780B2004240B5 /* StringExtension.swift in Sources */ = {isa = PBXBuildFile; fileRef = B11645BA270780B2004240B5 /* StringExtension.swift */; };
		B124E4DE2707E55C0095B816 /* WelcomeViewController.swift in Sources */ = {isa = PBXBuildFile; fileRef = B124E4DD2707E55C0095B816 /* WelcomeViewController.swift */; };
		B124E4E02707E6720095B816 /* WelcomeView.swift in Sources */ = {isa = PBXBuildFile; fileRef = B124E4DF2707E6720095B816 /* WelcomeView.swift */; };
		B124E4E32707F44D0095B816 /* CreateUserView.swift in Sources */ = {isa = PBXBuildFile; fileRef = B124E4E22707F44D0095B816 /* CreateUserView.swift */; };
		B13591F5270C8D8400A1555B /* ManageProfileView.swift in Sources */ = {isa = PBXBuildFile; fileRef = B13591F4270C8D8400A1555B /* ManageProfileView.swift */; };
		B13591F7270C8E6F00A1555B /* ManageProfileViewController.swift in Sources */ = {isa = PBXBuildFile; fileRef = B13591F6270C8E6F00A1555B /* ManageProfileViewController.swift */; };
		B13591FA270C914A00A1555B /* DisplayProfileView.swift in Sources */ = {isa = PBXBuildFile; fileRef = B13591F9270C914A00A1555B /* DisplayProfileView.swift */; };
		B13591FC270C916500A1555B /* DisplayProfileViewController.swift in Sources */ = {isa = PBXBuildFile; fileRef = B13591FB270C916500A1555B /* DisplayProfileViewController.swift */; };
		B13591FF270C9D6300A1555B /* DeleteAccountView.swift in Sources */ = {isa = PBXBuildFile; fileRef = B13591FE270C9D6300A1555B /* DeleteAccountView.swift */; };
		B1359201270CA3BB00A1555B /* DeleteAccountViewController.swift in Sources */ = {isa = PBXBuildFile; fileRef = B1359200270CA3BB00A1555B /* DeleteAccountViewController.swift */; };
		B16013B5270CC9F20035F3CD /* EditProfileView.swift in Sources */ = {isa = PBXBuildFile; fileRef = B16013B4270CC9F20035F3CD /* EditProfileView.swift */; };
		B16013B7270CCB690035F3CD /* EditProfileViewController.swift in Sources */ = {isa = PBXBuildFile; fileRef = B16013B6270CCB690035F3CD /* EditProfileViewController.swift */; };
		B17999E1270803330073E5ED /* CreateUserViewController.swift in Sources */ = {isa = PBXBuildFile; fileRef = B17999E0270803330073E5ED /* CreateUserViewController.swift */; };
		B1876FFC2705489A00ECA2D5 /* main.swift in Sources */ = {isa = PBXBuildFile; fileRef = B1876FFB2705489A00ECA2D5 /* main.swift */; };
		B1A11A1B270D37CA00412B17 /* DatabaseView.swift in Sources */ = {isa = PBXBuildFile; fileRef = B1A11A1A270D37CA00412B17 /* DatabaseView.swift */; };
		B1A11A1D270D37E400412B17 /* DatabaseViewController.swift in Sources */ = {isa = PBXBuildFile; fileRef = B1A11A1C270D37E400412B17 /* DatabaseViewController.swift */; };
		B1B8BCCB270B41D40057302D /* LoginView.swift in Sources */ = {isa = PBXBuildFile; fileRef = B1B8BCCA270B41D40057302D /* LoginView.swift */; };
		B1B8BCCD270B42EC0057302D /* LoginViewController.swift in Sources */ = {isa = PBXBuildFile; fileRef = B1B8BCCC270B42EC0057302D /* LoginViewController.swift */; };
		B1B8BCD0270B44B10057302D /* MiniItiMainView.swift in Sources */ = {isa = PBXBuildFile; fileRef = B1B8BCCF270B44B10057302D /* MiniItiMainView.swift */; };
		B1B8BCD2270B45410057302D /* MiniItiMainViewController.swift in Sources */ = {isa = PBXBuildFile; fileRef = B1B8BCD1270B45410057302D /* MiniItiMainViewController.swift */; };
		B1B8BCD5270B4B090057302D /* FieldsValidations.swift in Sources */ = {isa = PBXBuildFile; fileRef = B1B8BCD4270B4B090057302D /* FieldsValidations.swift */; };
/* End PBXBuildFile section */

/* Begin PBXCopyFilesBuildPhase section */
		B1876FF62705489A00ECA2D5 /* CopyFiles */ = {
			isa = PBXCopyFilesBuildPhase;
			buildActionMask = 2147483647;
			dstPath = /usr/share/man/man1/;
			dstSubfolderSpec = 0;
			files = (
			);
			runOnlyForDeploymentPostprocessing = 1;
		};
/* End PBXCopyFilesBuildPhase section */

/* Begin PBXFileReference section */
		B1037FAB2705594D004B3E3D /* UserModel.swift */ = {isa = PBXFileReference; lastKnownFileType = sourcecode.swift; path = UserModel.swift; sourceTree = "<group>"; };
		B1037FAD27055A65004B3E3D /* CreateUserModel.swift */ = {isa = PBXFileReference; lastKnownFileType = sourcecode.swift; path = CreateUserModel.swift; sourceTree = "<group>"; };
		B1037FAF27055F62004B3E3D /* Database.swift */ = {isa = PBXFileReference; lastKnownFileType = sourcecode.swift; path = Database.swift; sourceTree = "<group>"; };
		B11645BA270780B2004240B5 /* StringExtension.swift */ = {isa = PBXFileReference; lastKnownFileType = sourcecode.swift; path = StringExtension.swift; sourceTree = "<group>"; };
		B124E4DD2707E55C0095B816 /* WelcomeViewController.swift */ = {isa = PBXFileReference; lastKnownFileType = sourcecode.swift; path = WelcomeViewController.swift; sourceTree = "<group>"; };
		B124E4DF2707E6720095B816 /* WelcomeView.swift */ = {isa = PBXFileReference; lastKnownFileType = sourcecode.swift; path = WelcomeView.swift; sourceTree = "<group>"; };
		B124E4E22707F44D0095B816 /* CreateUserView.swift */ = {isa = PBXFileReference; lastKnownFileType = sourcecode.swift; path = CreateUserView.swift; sourceTree = "<group>"; };
		B13591F4270C8D8400A1555B /* ManageProfileView.swift */ = {isa = PBXFileReference; lastKnownFileType = sourcecode.swift; path = ManageProfileView.swift; sourceTree = "<group>"; };
		B13591F6270C8E6F00A1555B /* ManageProfileViewController.swift */ = {isa = PBXFileReference; lastKnownFileType = sourcecode.swift; path = ManageProfileViewController.swift; sourceTree = "<group>"; };
		B13591F9270C914A00A1555B /* DisplayProfileView.swift */ = {isa = PBXFileReference; lastKnownFileType = sourcecode.swift; path = DisplayProfileView.swift; sourceTree = "<group>"; };
		B13591FB270C916500A1555B /* DisplayProfileViewController.swift */ = {isa = PBXFileReference; lastKnownFileType = sourcecode.swift; path = DisplayProfileViewController.swift; sourceTree = "<group>"; };
		B13591FE270C9D6300A1555B /* DeleteAccountView.swift */ = {isa = PBXFileReference; lastKnownFileType = sourcecode.swift; path = DeleteAccountView.swift; sourceTree = "<group>"; };
		B1359200270CA3BB00A1555B /* DeleteAccountViewController.swift */ = {isa = PBXFileReference; lastKnownFileType = sourcecode.swift; path = DeleteAccountViewController.swift; sourceTree = "<group>"; };
		B16013B4270CC9F20035F3CD /* EditProfileView.swift */ = {isa = PBXFileReference; lastKnownFileType = sourcecode.swift; path = EditProfileView.swift; sourceTree = "<group>"; };
		B16013B6270CCB690035F3CD /* EditProfileViewController.swift */ = {isa = PBXFileReference; lastKnownFileType = sourcecode.swift; path = EditProfileViewController.swift; sourceTree = "<group>"; };
		B17999E0270803330073E5ED /* CreateUserViewController.swift */ = {isa = PBXFileReference; lastKnownFileType = sourcecode.swift; path = CreateUserViewController.swift; sourceTree = "<group>"; };
		B1876FF82705489A00ECA2D5 /* ItiSimulator */ = {isa = PBXFileReference; explicitFileType = "compiled.mach-o.executable"; includeInIndex = 0; path = ItiSimulator; sourceTree = BUILT_PRODUCTS_DIR; };
		B1876FFB2705489A00ECA2D5 /* main.swift */ = {isa = PBXFileReference; lastKnownFileType = sourcecode.swift; path = main.swift; sourceTree = "<group>"; };
		B1A11A1A270D37CA00412B17 /* DatabaseView.swift */ = {isa = PBXFileReference; lastKnownFileType = sourcecode.swift; path = DatabaseView.swift; sourceTree = "<group>"; };
		B1A11A1C270D37E400412B17 /* DatabaseViewController.swift */ = {isa = PBXFileReference; lastKnownFileType = sourcecode.swift; path = DatabaseViewController.swift; sourceTree = "<group>"; };
		B1B8BCCA270B41D40057302D /* LoginView.swift */ = {isa = PBXFileReference; lastKnownFileType = sourcecode.swift; path = LoginView.swift; sourceTree = "<group>"; };
		B1B8BCCC270B42EC0057302D /* LoginViewController.swift */ = {isa = PBXFileReference; lastKnownFileType = sourcecode.swift; path = LoginViewController.swift; sourceTree = "<group>"; };
		B1B8BCCF270B44B10057302D /* MiniItiMainView.swift */ = {isa = PBXFileReference; lastKnownFileType = sourcecode.swift; path = MiniItiMainView.swift; sourceTree = "<group>"; };
		B1B8BCD1270B45410057302D /* MiniItiMainViewController.swift */ = {isa = PBXFileReference; lastKnownFileType = sourcecode.swift; path = MiniItiMainViewController.swift; sourceTree = "<group>"; };
		B1B8BCD4270B4B090057302D /* FieldsValidations.swift */ = {isa = PBXFileReference; lastKnownFileType = sourcecode.swift; path = FieldsValidations.swift; sourceTree = "<group>"; };
/* End PBXFileReference section */

/* Begin PBXFrameworksBuildPhase section */
		B1876FF52705489A00ECA2D5 /* Frameworks */ = {
			isa = PBXFrameworksBuildPhase;
			buildActionMask = 2147483647;
			files = (
			);
			runOnlyForDeploymentPostprocessing = 0;
		};
/* End PBXFrameworksBuildPhase section */

/* Begin PBXGroup section */
		B11645B927078097004240B5 /* Extensions */ = {
			isa = PBXGroup;
			children = (
				B11645BA270780B2004240B5 /* StringExtension.swift */,
			);
			path = Extensions;
			sourceTree = "<group>";
		};
		B124E4DC2707E5450095B816 /* Welcome */ = {
			isa = PBXGroup;
			children = (
				B124E4DD2707E55C0095B816 /* WelcomeViewController.swift */,
				B124E4DF2707E6720095B816 /* WelcomeView.swift */,
			);
			path = Welcome;
			sourceTree = "<group>";
		};
		B124E4E12707F3E20095B816 /* CreateUser */ = {
			isa = PBXGroup;
			children = (
				B124E4E22707F44D0095B816 /* CreateUserView.swift */,
				B17999E0270803330073E5ED /* CreateUserViewController.swift */,
			);
			path = CreateUser;
			sourceTree = "<group>";
		};
		B13591F3270C8D7000A1555B /* ManageProfile */ = {
			isa = PBXGroup;
			children = (
				B13591F4270C8D8400A1555B /* ManageProfileView.swift */,
				B13591F6270C8E6F00A1555B /* ManageProfileViewController.swift */,
			);
			path = ManageProfile;
			sourceTree = "<group>";
		};
		B13591F8270C911400A1555B /* DisplayProfile */ = {
			isa = PBXGroup;
			children = (
				B13591F9270C914A00A1555B /* DisplayProfileView.swift */,
				B13591FB270C916500A1555B /* DisplayProfileViewController.swift */,
			);
			path = DisplayProfile;
			sourceTree = "<group>";
		};
		B13591FD270C9D4F00A1555B /* DeleteAccount */ = {
			isa = PBXGroup;
			children = (
				B13591FE270C9D6300A1555B /* DeleteAccountView.swift */,
				B1359200270CA3BB00A1555B /* DeleteAccountViewController.swift */,
			);
			path = DeleteAccount;
			sourceTree = "<group>";
		};
		B16013B3270CC9BE0035F3CD /* EditProfile */ = {
			isa = PBXGroup;
			children = (
				B16013B4270CC9F20035F3CD /* EditProfileView.swift */,
				B16013B6270CCB690035F3CD /* EditProfileViewController.swift */,
			);
			path = EditProfile;
			sourceTree = "<group>";
		};
		B1876FEF2705489A00ECA2D5 = {
			isa = PBXGroup;
			children = (
				B1876FFA2705489A00ECA2D5 /* ItiSimulator */,
				B1876FF92705489A00ECA2D5 /* Products */,
			);
			sourceTree = "<group>";
		};
		B1876FF92705489A00ECA2D5 /* Products */ = {
			isa = PBXGroup;
			children = (
				B1876FF82705489A00ECA2D5 /* ItiSimulator */,
			);
			name = Products;
			sourceTree = "<group>";
		};
		B1876FFA2705489A00ECA2D5 /* ItiSimulator */ = {
			isa = PBXGroup;
			children = (
				B16013B3270CC9BE0035F3CD /* EditProfile */,
				B13591FD270C9D4F00A1555B /* DeleteAccount */,
				B13591F8270C911400A1555B /* DisplayProfile */,
				B13591F3270C8D7000A1555B /* ManageProfile */,
				B1B8BCD3270B4AEA0057302D /* Validations */,
				B1B8BCCE270B44880057302D /* MiniIti */,
				B1B8BCC9270B41C00057302D /* Login */,
				B124E4E12707F3E20095B816 /* CreateUser */,
				B124E4DC2707E5450095B816 /* Welcome */,
				B11645B927078097004240B5 /* Extensions */,
				B1877003270549D400ECA2D5 /* Models */,
				B1877004270549F300ECA2D5 /* Database */,
				B1876FFB2705489A00ECA2D5 /* main.swift */,
			);
			path = ItiSimulator;
			sourceTree = "<group>";
		};
		B1877003270549D400ECA2D5 /* Models */ = {
			isa = PBXGroup;
			children = (
				B1037FAF27055F62004B3E3D /* Database.swift */,
				B1037FAB2705594D004B3E3D /* UserModel.swift */,
				B1037FAD27055A65004B3E3D /* CreateUserModel.swift */,
			);
			path = Models;
			sourceTree = "<group>";
		};
		B1877004270549F300ECA2D5 /* Database */ = {
			isa = PBXGroup;
			children = (
				B1A11A1A270D37CA00412B17 /* DatabaseView.swift */,
				B1A11A1C270D37E400412B17 /* DatabaseViewController.swift */,
			);
			path = Database;
			sourceTree = "<group>";
		};
		B1B8BCC9270B41C00057302D /* Login */ = {
			isa = PBXGroup;
			children = (
				B1B8BCCA270B41D40057302D /* LoginView.swift */,
				B1B8BCCC270B42EC0057302D /* LoginViewController.swift */,
			);
			path = Login;
			sourceTree = "<group>";
		};
		B1B8BCCE270B44880057302D /* MiniIti */ = {
			isa = PBXGroup;
			children = (
				B1B8BCCF270B44B10057302D /* MiniItiMainView.swift */,
				B1B8BCD1270B45410057302D /* MiniItiMainViewController.swift */,
			);
			path = MiniIti;
			sourceTree = "<group>";
		};
		B1B8BCD3270B4AEA0057302D /* Validations */ = {
			isa = PBXGroup;
			children = (
				B1B8BCD4270B4B090057302D /* FieldsValidations.swift */,
			);
			path = Validations;
			sourceTree = "<group>";
		};
/* End PBXGroup section */

/* Begin PBXNativeTarget section */
		B1876FF72705489A00ECA2D5 /* ItiSimulator */ = {
			isa = PBXNativeTarget;
			buildConfigurationList = B1876FFF2705489A00ECA2D5 /* Build configuration list for PBXNativeTarget "ItiSimulator" */;
			buildPhases = (
				B1876FF42705489A00ECA2D5 /* Sources */,
				B1876FF52705489A00ECA2D5 /* Frameworks */,
				B1876FF62705489A00ECA2D5 /* CopyFiles */,
			);
			buildRules = (
			);
			dependencies = (
			);
			name = ItiSimulator;
			productName = ItiSimulator;
			productReference = B1876FF82705489A00ECA2D5 /* ItiSimulator */;
			productType = "com.apple.product-type.tool";
		};
/* End PBXNativeTarget section */

/* Begin PBXProject section */
		B1876FF02705489A00ECA2D5 /* Project object */ = {
			isa = PBXProject;
			attributes = {
				BuildIndependentTargetsInParallel = 1;
				LastSwiftUpdateCheck = 1300;
				LastUpgradeCheck = 1300;
				TargetAttributes = {
					B1876FF72705489A00ECA2D5 = {
						CreatedOnToolsVersion = 13.0;
					};
				};
			};
			buildConfigurationList = B1876FF32705489A00ECA2D5 /* Build configuration list for PBXProject "Iti Simulator" */;
			compatibilityVersion = "Xcode 13.0";
			developmentRegion = en;
			hasScannedForEncodings = 0;
			knownRegions = (
				en,
				Base,
			);
			mainGroup = B1876FEF2705489A00ECA2D5;
			productRefGroup = B1876FF92705489A00ECA2D5 /* Products */;
			projectDirPath = "";
			projectRoot = "";
			targets = (
				B1876FF72705489A00ECA2D5 /* ItiSimulator */,
			);
		};
/* End PBXProject section */

/* Begin PBXSourcesBuildPhase section */
		B1876FF42705489A00ECA2D5 /* Sources */ = {
			isa = PBXSourcesBuildPhase;
			buildActionMask = 2147483647;
			files = (
				B16013B7270CCB690035F3CD /* EditProfileViewController.swift in Sources */,
				B16013B5270CC9F20035F3CD /* EditProfileView.swift in Sources */,
				B1B8BCCD270B42EC0057302D /* LoginViewController.swift in Sources */,
				B1A11A1D270D37E400412B17 /* DatabaseViewController.swift in Sources */,
				B124E4DE2707E55C0095B816 /* WelcomeViewController.swift in Sources */,
				B11645BB270780B2004240B5 /* StringExtension.swift in Sources */,
				B17999E1270803330073E5ED /* CreateUserViewController.swift in Sources */,
				B124E4E02707E6720095B816 /* WelcomeView.swift in Sources */,
				B1359201270CA3BB00A1555B /* DeleteAccountViewController.swift in Sources */,
				B124E4E32707F44D0095B816 /* CreateUserView.swift in Sources */,
				B13591F7270C8E6F00A1555B /* ManageProfileViewController.swift in Sources */,
				B1B8BCD5270B4B090057302D /* FieldsValidations.swift in Sources */,
				B13591F5270C8D8400A1555B /* ManageProfileView.swift in Sources */,
				B1B8BCD0270B44B10057302D /* MiniItiMainView.swift in Sources */,
				B1037FAC2705594D004B3E3D /* UserModel.swift in Sources */,
				B1876FFC2705489A00ECA2D5 /* main.swift in Sources */,
				B1B8BCD2270B45410057302D /* MiniItiMainViewController.swift in Sources */,
				B13591FC270C916500A1555B /* DisplayProfileViewController.swift in Sources */,
				B13591FF270C9D6300A1555B /* DeleteAccountView.swift in Sources */,
				B1A11A1B270D37CA00412B17 /* DatabaseView.swift in Sources */,
				B13591FA270C914A00A1555B /* DisplayProfileView.swift in Sources */,
				B1037FB027055F62004B3E3D /* Database.swift in Sources */,
				B1037FAE27055A65004B3E3D /* CreateUserModel.swift in Sources */,
				B1B8BCCB270B41D40057302D /* LoginView.swift in Sources */,
			);
			runOnlyForDeploymentPostprocessing = 0;
		};
/* End PBXSourcesBuildPhase section */

/* Begin XCBuildConfiguration section */
		B1876FFD2705489A00ECA2D5 /* Debug */ = {
			isa = XCBuildConfiguration;
			buildSettings = {
				ALWAYS_SEARCH_USER_PATHS = NO;
				CLANG_ANALYZER_NONNULL = YES;
				CLANG_ANALYZER_NUMBER_OBJECT_CONVERSION = YES_AGGRESSIVE;
				CLANG_CXX_LANGUAGE_STANDARD = "gnu++17";
				CLANG_CXX_LIBRARY = "libc++";
				CLANG_ENABLE_MODULES = YES;
				CLANG_ENABLE_OBJC_ARC = YES;
				CLANG_ENABLE_OBJC_WEAK = YES;
				CLANG_WARN_BLOCK_CAPTURE_AUTORELEASING = YES;
				CLANG_WARN_BOOL_CONVERSION = YES;
				CLANG_WARN_COMMA = YES;
				CLANG_WARN_CONSTANT_CONVERSION = YES;
				CLANG_WARN_DEPRECATED_OBJC_IMPLEMENTATIONS = YES;
				CLANG_WARN_DIRECT_OBJC_ISA_USAGE = YES_ERROR;
				CLANG_WARN_DOCUMENTATION_COMMENTS = YES;
				CLANG_WARN_EMPTY_BODY = YES;
				CLANG_WARN_ENUM_CONVERSION = YES;
				CLANG_WARN_INFINITE_RECURSION = YES;
				CLANG_WARN_INT_CONVERSION = YES;
				CLANG_WARN_NON_LITERAL_NULL_CONVERSION = YES;
				CLANG_WARN_OBJC_IMPLICIT_RETAIN_SELF = YES;
				CLANG_WARN_OBJC_LITERAL_CONVERSION = YES;
				CLANG_WARN_OBJC_ROOT_CLASS = YES_ERROR;
				CLANG_WARN_QUOTED_INCLUDE_IN_FRAMEWORK_HEADER = YES;
				CLANG_WARN_RANGE_LOOP_ANALYSIS = YES;
				CLANG_WARN_STRICT_PROTOTYPES = YES;
				CLANG_WARN_SUSPICIOUS_MOVE = YES;
				CLANG_WARN_UNGUARDED_AVAILABILITY = YES_AGGRESSIVE;
				CLANG_WARN_UNREACHABLE_CODE = YES;
				CLANG_WARN__DUPLICATE_METHOD_MATCH = YES;
				COPY_PHASE_STRIP = NO;
				DEBUG_INFORMATION_FORMAT = dwarf;
				ENABLE_STRICT_OBJC_MSGSEND = YES;
				ENABLE_TESTABILITY = YES;
				GCC_C_LANGUAGE_STANDARD = gnu11;
				GCC_DYNAMIC_NO_PIC = NO;
				GCC_NO_COMMON_BLOCKS = YES;
				GCC_OPTIMIZATION_LEVEL = 0;
				GCC_PREPROCESSOR_DEFINITIONS = (
					"DEBUG=1",
					"$(inherited)",
				);
				GCC_WARN_64_TO_32_BIT_CONVERSION = YES;
				GCC_WARN_ABOUT_RETURN_TYPE = YES_ERROR;
				GCC_WARN_UNDECLARED_SELECTOR = YES;
				GCC_WARN_UNINITIALIZED_AUTOS = YES_AGGRESSIVE;
				GCC_WARN_UNUSED_FUNCTION = YES;
				GCC_WARN_UNUSED_VARIABLE = YES;
				MACOSX_DEPLOYMENT_TARGET = 11.3;
				MTL_ENABLE_DEBUG_INFO = INCLUDE_SOURCE;
				MTL_FAST_MATH = YES;
				ONLY_ACTIVE_ARCH = YES;
				SDKROOT = macosx;
				SWIFT_ACTIVE_COMPILATION_CONDITIONS = DEBUG;
				SWIFT_OPTIMIZATION_LEVEL = "-Onone";
			};
			name = Debug;
		};
		B1876FFE2705489A00ECA2D5 /* Release */ = {
			isa = XCBuildConfiguration;
			buildSettings = {
				ALWAYS_SEARCH_USER_PATHS = NO;
				CLANG_ANALYZER_NONNULL = YES;
				CLANG_ANALYZER_NUMBER_OBJECT_CONVERSION = YES_AGGRESSIVE;
				CLANG_CXX_LANGUAGE_STANDARD = "gnu++17";
				CLANG_CXX_LIBRARY = "libc++";
				CLANG_ENABLE_MODULES = YES;
				CLANG_ENABLE_OBJC_ARC = YES;
				CLANG_ENABLE_OBJC_WEAK = YES;
				CLANG_WARN_BLOCK_CAPTURE_AUTORELEASING = YES;
				CLANG_WARN_BOOL_CONVERSION = YES;
				CLANG_WARN_COMMA = YES;
				CLANG_WARN_CONSTANT_CONVERSION = YES;
				CLANG_WARN_DEPRECATED_OBJC_IMPLEMENTATIONS = YES;
				CLANG_WARN_DIRECT_OBJC_ISA_USAGE = YES_ERROR;
				CLANG_WARN_DOCUMENTATION_COMMENTS = YES;
				CLANG_WARN_EMPTY_BODY = YES;
				CLANG_WARN_ENUM_CONVERSION = YES;
				CLANG_WARN_INFINITE_RECURSION = YES;
				CLANG_WARN_INT_CONVERSION = YES;
				CLANG_WARN_NON_LITERAL_NULL_CONVERSION = YES;
				CLANG_WARN_OBJC_IMPLICIT_RETAIN_SELF = YES;
				CLANG_WARN_OBJC_LITERAL_CONVERSION = YES;
				CLANG_WARN_OBJC_ROOT_CLASS = YES_ERROR;
				CLANG_WARN_QUOTED_INCLUDE_IN_FRAMEWORK_HEADER = YES;
				CLANG_WARN_RANGE_LOOP_ANALYSIS = YES;
				CLANG_WARN_STRICT_PROTOTYPES = YES;
				CLANG_WARN_SUSPICIOUS_MOVE = YES;
				CLANG_WARN_UNGUARDED_AVAILABILITY = YES_AGGRESSIVE;
				CLANG_WARN_UNREACHABLE_CODE = YES;
				CLANG_WARN__DUPLICATE_METHOD_MATCH = YES;
				COPY_PHASE_STRIP = NO;
				DEBUG_INFORMATION_FORMAT = "dwarf-with-dsym";
				ENABLE_NS_ASSERTIONS = NO;
				ENABLE_STRICT_OBJC_MSGSEND = YES;
				GCC_C_LANGUAGE_STANDARD = gnu11;
				GCC_NO_COMMON_BLOCKS = YES;
				GCC_WARN_64_TO_32_BIT_CONVERSION = YES;
				GCC_WARN_ABOUT_RETURN_TYPE = YES_ERROR;
				GCC_WARN_UNDECLARED_SELECTOR = YES;
				GCC_WARN_UNINITIALIZED_AUTOS = YES_AGGRESSIVE;
				GCC_WARN_UNUSED_FUNCTION = YES;
				GCC_WARN_UNUSED_VARIABLE = YES;
				MACOSX_DEPLOYMENT_TARGET = 11.3;
				MTL_ENABLE_DEBUG_INFO = NO;
				MTL_FAST_MATH = YES;
				SDKROOT = macosx;
				SWIFT_COMPILATION_MODE = wholemodule;
				SWIFT_OPTIMIZATION_LEVEL = "-O";
			};
			name = Release;
		};
		B18770002705489A00ECA2D5 /* Debug */ = {
			isa = XCBuildConfiguration;
			buildSettings = {
				CODE_SIGN_STYLE = Automatic;
				DEVELOPMENT_TEAM = H626Z7SH74;
				ENABLE_HARDENED_RUNTIME = YES;
				PRODUCT_NAME = "$(TARGET_NAME)";
				SWIFT_VERSION = 5.0;
			};
			name = Debug;
		};
		B18770012705489A00ECA2D5 /* Release */ = {
			isa = XCBuildConfiguration;
			buildSettings = {
				CODE_SIGN_STYLE = Automatic;
				DEVELOPMENT_TEAM = H626Z7SH74;
				ENABLE_HARDENED_RUNTIME = YES;
				PRODUCT_NAME = "$(TARGET_NAME)";
				SWIFT_VERSION = 5.0;
			};
			name = Release;
		};
/* End XCBuildConfiguration section */

/* Begin XCConfigurationList section */
		B1876FF32705489A00ECA2D5 /* Build configuration list for PBXProject "Iti Simulator" */ = {
			isa = XCConfigurationList;
			buildConfigurations = (
				B1876FFD2705489A00ECA2D5 /* Debug */,
				B1876FFE2705489A00ECA2D5 /* Release */,
			);
			defaultConfigurationIsVisible = 0;
			defaultConfigurationName = Release;
		};
		B1876FFF2705489A00ECA2D5 /* Build configuration list for PBXNativeTarget "ItiSimulator" */ = {
			isa = XCConfigurationList;
			buildConfigurations = (
				B18770002705489A00ECA2D5 /* Debug */,
				B18770012705489A00ECA2D5 /* Release */,
			);
			defaultConfigurationIsVisible = 0;
			defaultConfigurationName = Release;
		};
/* End XCConfigurationList section */
	};
	rootObject = B1876FF02705489A00ECA2D5 /* Project object */;
}
