// !$*UTF8*$!
{
	archiveVersion = 1;
	classes = {
	};
	objectVersion = 55;
	objects = {

/* Begin PBXBuildFile section */
		B1037FAC2705594D004B3E3D /* User.swift in Sources */ = {isa = PBXBuildFile; fileRef = B1037FAB2705594D004B3E3D /* User.swift */; };
		B1190458270F2F9F005DD675 /* PixType.swift in Sources */ = {isa = PBXBuildFile; fileRef = B1190457270F2F9F005DD675 /* PixType.swift */; };
		B119045A270F303C005DD675 /* BankAccount.swift in Sources */ = {isa = PBXBuildFile; fileRef = B1190459270F303C005DD675 /* BankAccount.swift */; };
		B119045C270F3256005DD675 /* CreditCard.swift in Sources */ = {isa = PBXBuildFile; fileRef = B119045B270F3256005DD675 /* CreditCard.swift */; };
		B124E4DE2707E55C0095B816 /* WelcomeViewController.swift in Sources */ = {isa = PBXBuildFile; fileRef = B124E4DD2707E55C0095B816 /* WelcomeViewController.swift */; };
		B124E4E02707E6720095B816 /* WelcomeView.swift in Sources */ = {isa = PBXBuildFile; fileRef = B124E4DF2707E6720095B816 /* WelcomeView.swift */; };
		B124E4E32707F44D0095B816 /* CreateProfileView.swift in Sources */ = {isa = PBXBuildFile; fileRef = B124E4E22707F44D0095B816 /* CreateProfileView.swift */; };
		B13591F5270C8D8400A1555B /* ProfileMenuView.swift in Sources */ = {isa = PBXBuildFile; fileRef = B13591F4270C8D8400A1555B /* ProfileMenuView.swift */; };
		B13591F7270C8E6F00A1555B /* ProfileMenuViewController.swift in Sources */ = {isa = PBXBuildFile; fileRef = B13591F6270C8E6F00A1555B /* ProfileMenuViewController.swift */; };
		B13591FA270C914A00A1555B /* DisplayProfileView.swift in Sources */ = {isa = PBXBuildFile; fileRef = B13591F9270C914A00A1555B /* DisplayProfileView.swift */; };
		B13591FC270C916500A1555B /* DisplayProfileViewController.swift in Sources */ = {isa = PBXBuildFile; fileRef = B13591FB270C916500A1555B /* DisplayProfileViewController.swift */; };
		B13591FF270C9D6300A1555B /* DeleteProfileView.swift in Sources */ = {isa = PBXBuildFile; fileRef = B13591FE270C9D6300A1555B /* DeleteProfileView.swift */; };
		B1359201270CA3BB00A1555B /* DeleteProfileViewController.swift in Sources */ = {isa = PBXBuildFile; fileRef = B1359200270CA3BB00A1555B /* DeleteProfileViewController.swift */; };
		B15A47E6270E6A2200473231 /* ControllerRoutes.swift in Sources */ = {isa = PBXBuildFile; fileRef = B15A47E5270E6A2200473231 /* ControllerRoutes.swift */; };
		B16013B5270CC9F20035F3CD /* EditProfileView.swift in Sources */ = {isa = PBXBuildFile; fileRef = B16013B4270CC9F20035F3CD /* EditProfileView.swift */; };
		B16013B7270CCB690035F3CD /* EditProfileViewController.swift in Sources */ = {isa = PBXBuildFile; fileRef = B16013B6270CCB690035F3CD /* EditProfileViewController.swift */; };
		B1605525270F533B00E09B15 /* UserAccess.swift in Sources */ = {isa = PBXBuildFile; fileRef = B1605524270F533B00E09B15 /* UserAccess.swift */; };
		B17999E1270803330073E5ED /* CreateProfileViewController.swift in Sources */ = {isa = PBXBuildFile; fileRef = B17999E0270803330073E5ED /* CreateProfileViewController.swift */; };
		B1876FFC2705489A00ECA2D5 /* main.swift in Sources */ = {isa = PBXBuildFile; fileRef = B1876FFB2705489A00ECA2D5 /* main.swift */; };
		B1B8BCCB270B41D40057302D /* LoginView.swift in Sources */ = {isa = PBXBuildFile; fileRef = B1B8BCCA270B41D40057302D /* LoginView.swift */; };
		B1B8BCCD270B42EC0057302D /* LoginViewController.swift in Sources */ = {isa = PBXBuildFile; fileRef = B1B8BCCC270B42EC0057302D /* LoginViewController.swift */; };
		B1B8BCD0270B44B10057302D /* HomeView.swift in Sources */ = {isa = PBXBuildFile; fileRef = B1B8BCCF270B44B10057302D /* HomeView.swift */; };
		B1B8BCD2270B45410057302D /* HomeViewController.swift in Sources */ = {isa = PBXBuildFile; fileRef = B1B8BCD1270B45410057302D /* HomeViewController.swift */; };
		B1DF155C2714A77F00DAE6E8 /* Database.swift in Sources */ = {isa = PBXBuildFile; fileRef = B1DF155B2714A77F00DAE6E8 /* Database.swift */; };
		B1DF155E2714A78800DAE6E8 /* DataTest.swift in Sources */ = {isa = PBXBuildFile; fileRef = B1DF155D2714A78800DAE6E8 /* DataTest.swift */; };
		B1DF15602714A8F300DAE6E8 /* Address.swift in Sources */ = {isa = PBXBuildFile; fileRef = B1DF155F2714A8F300DAE6E8 /* Address.swift */; };
		B1DF15622714AC1400DAE6E8 /* UserOperationProtocol.swift in Sources */ = {isa = PBXBuildFile; fileRef = B1DF15612714AC1400DAE6E8 /* UserOperationProtocol.swift */; };
		B1DF15642714AC7400DAE6E8 /* UserViewProtocol.swift in Sources */ = {isa = PBXBuildFile; fileRef = B1DF15632714AC7400DAE6E8 /* UserViewProtocol.swift */; };
		B1DF15672714AD0000DAE6E8 /* UserOperation.swift in Sources */ = {isa = PBXBuildFile; fileRef = B1DF15662714AD0000DAE6E8 /* UserOperation.swift */; };
		B1DF15692714AE0A00DAE6E8 /* UserView.swift in Sources */ = {isa = PBXBuildFile; fileRef = B1DF15682714AE0A00DAE6E8 /* UserView.swift */; };
		B1DF156C2714AEA700DAE6E8 /* Validations.swift in Sources */ = {isa = PBXBuildFile; fileRef = B1DF156B2714AEA700DAE6E8 /* Validations.swift */; };
		B1DF15722714BB0100DAE6E8 /* PaymentAndTransferView.swift in Sources */ = {isa = PBXBuildFile; fileRef = B1DF15712714BB0100DAE6E8 /* PaymentAndTransferView.swift */; };
		B1DF15742714BB2200DAE6E8 /* PaymentAndTransferViewController.swift in Sources */ = {isa = PBXBuildFile; fileRef = B1DF15732714BB2200DAE6E8 /* PaymentAndTransferViewController.swift */; };
		B1DF15762714BBDA00DAE6E8 /* PaymentView.swift in Sources */ = {isa = PBXBuildFile; fileRef = B1DF15752714BBDA00DAE6E8 /* PaymentView.swift */; };
		B1DF15782714BBF600DAE6E8 /* PaymentViewController.swift in Sources */ = {isa = PBXBuildFile; fileRef = B1DF15772714BBF600DAE6E8 /* PaymentViewController.swift */; };
		B1DF157A2714BCA900DAE6E8 /* BankOperationProtocol.swift in Sources */ = {isa = PBXBuildFile; fileRef = B1DF15792714BCA900DAE6E8 /* BankOperationProtocol.swift */; };
		B1DF157C2714BE7B00DAE6E8 /* BankOperation.swift in Sources */ = {isa = PBXBuildFile; fileRef = B1DF157B2714BE7B00DAE6E8 /* BankOperation.swift */; };
		B1DF157E2714C73200DAE6E8 /* BankViewProtocol.swift in Sources */ = {isa = PBXBuildFile; fileRef = B1DF157D2714C73200DAE6E8 /* BankViewProtocol.swift */; };
		B1DF15802714C7E900DAE6E8 /* BankView.swift in Sources */ = {isa = PBXBuildFile; fileRef = B1DF157F2714C7E900DAE6E8 /* BankView.swift */; };
/* End PBXBuildFile section */

/* Begin PBXCopyFilesBuildPhase section */
		B1876FF62705489A00ECA2D5 /* CopyFiles */ = {
			isa = PBXCopyFilesBuildPhase;
			buildActionMask = 2147483647;
			dstPath = /usr/share/man/man1/;
			dstSubfolderSpec = 0;
			files = (
			);
			runOnlyForDeploymentPostprocessing = 1;
		};
/* End PBXCopyFilesBuildPhase section */

/* Begin PBXFileReference section */
		B1037FAB2705594D004B3E3D /* User.swift */ = {isa = PBXFileReference; lastKnownFileType = sourcecode.swift; path = User.swift; sourceTree = "<group>"; };
		B1190457270F2F9F005DD675 /* PixType.swift */ = {isa = PBXFileReference; lastKnownFileType = sourcecode.swift; path = PixType.swift; sourceTree = "<group>"; };
		B1190459270F303C005DD675 /* BankAccount.swift */ = {isa = PBXFileReference; lastKnownFileType = sourcecode.swift; path = BankAccount.swift; sourceTree = "<group>"; };
		B119045B270F3256005DD675 /* CreditCard.swift */ = {isa = PBXFileReference; lastKnownFileType = sourcecode.swift; path = CreditCard.swift; sourceTree = "<group>"; };
		B124E4DD2707E55C0095B816 /* WelcomeViewController.swift */ = {isa = PBXFileReference; lastKnownFileType = sourcecode.swift; path = WelcomeViewController.swift; sourceTree = "<group>"; };
		B124E4DF2707E6720095B816 /* WelcomeView.swift */ = {isa = PBXFileReference; lastKnownFileType = sourcecode.swift; path = WelcomeView.swift; sourceTree = "<group>"; };
		B124E4E22707F44D0095B816 /* CreateProfileView.swift */ = {isa = PBXFileReference; lastKnownFileType = sourcecode.swift; path = CreateProfileView.swift; sourceTree = "<group>"; };
		B13591F4270C8D8400A1555B /* ProfileMenuView.swift */ = {isa = PBXFileReference; lastKnownFileType = sourcecode.swift; path = ProfileMenuView.swift; sourceTree = "<group>"; };
		B13591F6270C8E6F00A1555B /* ProfileMenuViewController.swift */ = {isa = PBXFileReference; lastKnownFileType = sourcecode.swift; path = ProfileMenuViewController.swift; sourceTree = "<group>"; };
		B13591F9270C914A00A1555B /* DisplayProfileView.swift */ = {isa = PBXFileReference; lastKnownFileType = sourcecode.swift; path = DisplayProfileView.swift; sourceTree = "<group>"; };
		B13591FB270C916500A1555B /* DisplayProfileViewController.swift */ = {isa = PBXFileReference; lastKnownFileType = sourcecode.swift; path = DisplayProfileViewController.swift; sourceTree = "<group>"; };
		B13591FE270C9D6300A1555B /* DeleteProfileView.swift */ = {isa = PBXFileReference; lastKnownFileType = sourcecode.swift; path = DeleteProfileView.swift; sourceTree = "<group>"; };
		B1359200270CA3BB00A1555B /* DeleteProfileViewController.swift */ = {isa = PBXFileReference; lastKnownFileType = sourcecode.swift; path = DeleteProfileViewController.swift; sourceTree = "<group>"; };
		B15A47E5270E6A2200473231 /* ControllerRoutes.swift */ = {isa = PBXFileReference; lastKnownFileType = sourcecode.swift; path = ControllerRoutes.swift; sourceTree = "<group>"; };
		B16013B4270CC9F20035F3CD /* EditProfileView.swift */ = {isa = PBXFileReference; lastKnownFileType = sourcecode.swift; path = EditProfileView.swift; sourceTree = "<group>"; };
		B16013B6270CCB690035F3CD /* EditProfileViewController.swift */ = {isa = PBXFileReference; lastKnownFileType = sourcecode.swift; path = EditProfileViewController.swift; sourceTree = "<group>"; };
		B1605524270F533B00E09B15 /* UserAccess.swift */ = {isa = PBXFileReference; lastKnownFileType = sourcecode.swift; path = UserAccess.swift; sourceTree = "<group>"; };
		B17999E0270803330073E5ED /* CreateProfileViewController.swift */ = {isa = PBXFileReference; lastKnownFileType = sourcecode.swift; path = CreateProfileViewController.swift; sourceTree = "<group>"; };
		B1876FF82705489A00ECA2D5 /* ItiSimulator */ = {isa = PBXFileReference; explicitFileType = "compiled.mach-o.executable"; includeInIndex = 0; path = ItiSimulator; sourceTree = BUILT_PRODUCTS_DIR; };
		B1876FFB2705489A00ECA2D5 /* main.swift */ = {isa = PBXFileReference; lastKnownFileType = sourcecode.swift; path = main.swift; sourceTree = "<group>"; };
		B1B8BCCA270B41D40057302D /* LoginView.swift */ = {isa = PBXFileReference; lastKnownFileType = sourcecode.swift; path = LoginView.swift; sourceTree = "<group>"; };
		B1B8BCCC270B42EC0057302D /* LoginViewController.swift */ = {isa = PBXFileReference; lastKnownFileType = sourcecode.swift; path = LoginViewController.swift; sourceTree = "<group>"; };
		B1B8BCCF270B44B10057302D /* HomeView.swift */ = {isa = PBXFileReference; lastKnownFileType = sourcecode.swift; path = HomeView.swift; sourceTree = "<group>"; };
		B1B8BCD1270B45410057302D /* HomeViewController.swift */ = {isa = PBXFileReference; lastKnownFileType = sourcecode.swift; path = HomeViewController.swift; sourceTree = "<group>"; };
		B1DF155B2714A77F00DAE6E8 /* Database.swift */ = {isa = PBXFileReference; lastKnownFileType = sourcecode.swift; path = Database.swift; sourceTree = "<group>"; };
		B1DF155D2714A78800DAE6E8 /* DataTest.swift */ = {isa = PBXFileReference; lastKnownFileType = sourcecode.swift; path = DataTest.swift; sourceTree = "<group>"; };
		B1DF155F2714A8F300DAE6E8 /* Address.swift */ = {isa = PBXFileReference; lastKnownFileType = sourcecode.swift; path = Address.swift; sourceTree = "<group>"; };
		B1DF15612714AC1400DAE6E8 /* UserOperationProtocol.swift */ = {isa = PBXFileReference; lastKnownFileType = sourcecode.swift; path = UserOperationProtocol.swift; sourceTree = "<group>"; };
		B1DF15632714AC7400DAE6E8 /* UserViewProtocol.swift */ = {isa = PBXFileReference; lastKnownFileType = sourcecode.swift; path = UserViewProtocol.swift; sourceTree = "<group>"; };
		B1DF15662714AD0000DAE6E8 /* UserOperation.swift */ = {isa = PBXFileReference; lastKnownFileType = sourcecode.swift; path = UserOperation.swift; sourceTree = "<group>"; };
		B1DF15682714AE0A00DAE6E8 /* UserView.swift */ = {isa = PBXFileReference; lastKnownFileType = sourcecode.swift; path = UserView.swift; sourceTree = "<group>"; };
		B1DF156B2714AEA700DAE6E8 /* Validations.swift */ = {isa = PBXFileReference; lastKnownFileType = sourcecode.swift; path = Validations.swift; sourceTree = "<group>"; };
		B1DF15712714BB0100DAE6E8 /* PaymentAndTransferView.swift */ = {isa = PBXFileReference; lastKnownFileType = sourcecode.swift; path = PaymentAndTransferView.swift; sourceTree = "<group>"; };
		B1DF15732714BB2200DAE6E8 /* PaymentAndTransferViewController.swift */ = {isa = PBXFileReference; lastKnownFileType = sourcecode.swift; path = PaymentAndTransferViewController.swift; sourceTree = "<group>"; };
		B1DF15752714BBDA00DAE6E8 /* PaymentView.swift */ = {isa = PBXFileReference; lastKnownFileType = sourcecode.swift; path = PaymentView.swift; sourceTree = "<group>"; };
		B1DF15772714BBF600DAE6E8 /* PaymentViewController.swift */ = {isa = PBXFileReference; lastKnownFileType = sourcecode.swift; path = PaymentViewController.swift; sourceTree = "<group>"; };
		B1DF15792714BCA900DAE6E8 /* BankOperationProtocol.swift */ = {isa = PBXFileReference; lastKnownFileType = sourcecode.swift; path = BankOperationProtocol.swift; sourceTree = "<group>"; };
		B1DF157B2714BE7B00DAE6E8 /* BankOperation.swift */ = {isa = PBXFileReference; lastKnownFileType = sourcecode.swift; path = BankOperation.swift; sourceTree = "<group>"; };
		B1DF157D2714C73200DAE6E8 /* BankViewProtocol.swift */ = {isa = PBXFileReference; lastKnownFileType = sourcecode.swift; path = BankViewProtocol.swift; sourceTree = "<group>"; };
		B1DF157F2714C7E900DAE6E8 /* BankView.swift */ = {isa = PBXFileReference; lastKnownFileType = sourcecode.swift; path = BankView.swift; sourceTree = "<group>"; };
/* End PBXFileReference section */

/* Begin PBXFrameworksBuildPhase section */
		B1876FF52705489A00ECA2D5 /* Frameworks */ = {
			isa = PBXFrameworksBuildPhase;
			buildActionMask = 2147483647;
			files = (
			);
			runOnlyForDeploymentPostprocessing = 0;
		};
/* End PBXFrameworksBuildPhase section */

/* Begin PBXGroup section */
		B119045D270F47B5005DD675 /* Profile */ = {
			isa = PBXGroup;
			children = (
				B1DF156D2714B92700DAE6E8 /* Menu */,
				B124E4E12707F3E20095B816 /* CreateProfile */,
				B16013B3270CC9BE0035F3CD /* EditProfile */,
				B13591FD270C9D4F00A1555B /* DeleteProfile */,
				B13591F8270C911400A1555B /* DisplayProfile */,
			);
			path = Profile;
			sourceTree = "<group>";
		};
		B119045F270F481D005DD675 /* Core */ = {
			isa = PBXGroup;
			children = (
				B1F785012710E88400484DC4 /* Protocols */,
				B1877003270549D400ECA2D5 /* Models */,
				B1E5E07A270F889000DA76CA /* Security */,
				B15A47E0270E2DCA00473231 /* Routes */,
			);
			path = Core;
			sourceTree = "<group>";
		};
		B124E4DC2707E5450095B816 /* Welcome */ = {
			isa = PBXGroup;
			children = (
				B124E4DD2707E55C0095B816 /* WelcomeViewController.swift */,
				B124E4DF2707E6720095B816 /* WelcomeView.swift */,
			);
			path = Welcome;
			sourceTree = "<group>";
		};
		B124E4E12707F3E20095B816 /* CreateProfile */ = {
			isa = PBXGroup;
			children = (
				B124E4E22707F44D0095B816 /* CreateProfileView.swift */,
				B17999E0270803330073E5ED /* CreateProfileViewController.swift */,
			);
			path = CreateProfile;
			sourceTree = "<group>";
		};
		B13591F8270C911400A1555B /* DisplayProfile */ = {
			isa = PBXGroup;
			children = (
				B13591F9270C914A00A1555B /* DisplayProfileView.swift */,
				B13591FB270C916500A1555B /* DisplayProfileViewController.swift */,
			);
			path = DisplayProfile;
			sourceTree = "<group>";
		};
		B13591FD270C9D4F00A1555B /* DeleteProfile */ = {
			isa = PBXGroup;
			children = (
				B13591FE270C9D6300A1555B /* DeleteProfileView.swift */,
				B1359200270CA3BB00A1555B /* DeleteProfileViewController.swift */,
			);
			path = DeleteProfile;
			sourceTree = "<group>";
		};
		B15A47E0270E2DCA00473231 /* Routes */ = {
			isa = PBXGroup;
			children = (
				B15A47E5270E6A2200473231 /* ControllerRoutes.swift */,
			);
			path = Routes;
			sourceTree = "<group>";
		};
		B16013B3270CC9BE0035F3CD /* EditProfile */ = {
			isa = PBXGroup;
			children = (
				B16013B4270CC9F20035F3CD /* EditProfileView.swift */,
				B16013B6270CCB690035F3CD /* EditProfileViewController.swift */,
			);
			path = EditProfile;
			sourceTree = "<group>";
		};
		B1876FEF2705489A00ECA2D5 = {
			isa = PBXGroup;
			children = (
				B1876FFA2705489A00ECA2D5 /* ItiSimulator */,
				B1876FF92705489A00ECA2D5 /* Products */,
			);
			sourceTree = "<group>";
		};
		B1876FF92705489A00ECA2D5 /* Products */ = {
			isa = PBXGroup;
			children = (
				B1876FF82705489A00ECA2D5 /* ItiSimulator */,
			);
			name = Products;
			sourceTree = "<group>";
		};
		B1876FFA2705489A00ECA2D5 /* ItiSimulator */ = {
			isa = PBXGroup;
			children = (
				B1E5E07B270F88FE00DA76CA /* Iti */,
				B119045F270F481D005DD675 /* Core */,
				B1877004270549F300ECA2D5 /* Database */,
				B1876FFB2705489A00ECA2D5 /* main.swift */,
			);
			path = ItiSimulator;
			sourceTree = "<group>";
		};
		B1877003270549D400ECA2D5 /* Models */ = {
			isa = PBXGroup;
			children = (
				B1037FAB2705594D004B3E3D /* User.swift */,
				B1190457270F2F9F005DD675 /* PixType.swift */,
				B1190459270F303C005DD675 /* BankAccount.swift */,
				B119045B270F3256005DD675 /* CreditCard.swift */,
				B1605524270F533B00E09B15 /* UserAccess.swift */,
				B1DF155F2714A8F300DAE6E8 /* Address.swift */,
			);
			path = Models;
			sourceTree = "<group>";
		};
		B1877004270549F300ECA2D5 /* Database */ = {
			isa = PBXGroup;
			children = (
				B1DF155B2714A77F00DAE6E8 /* Database.swift */,
				B1DF155D2714A78800DAE6E8 /* DataTest.swift */,
			);
			path = Database;
			sourceTree = "<group>";
		};
		B1B8BCC9270B41C00057302D /* Login */ = {
			isa = PBXGroup;
			children = (
				B1B8BCCA270B41D40057302D /* LoginView.swift */,
				B1B8BCCC270B42EC0057302D /* LoginViewController.swift */,
			);
			path = Login;
			sourceTree = "<group>";
		};
		B1B8BCCE270B44880057302D /* Homepage */ = {
			isa = PBXGroup;
			children = (
				B1B8BCCF270B44B10057302D /* HomeView.swift */,
				B1B8BCD1270B45410057302D /* HomeViewController.swift */,
			);
			path = Homepage;
			sourceTree = "<group>";
		};
		B1DF156A2714AE4200DAE6E8 /* Implements */ = {
			isa = PBXGroup;
			children = (
				B1DF15662714AD0000DAE6E8 /* UserOperation.swift */,
				B1DF15682714AE0A00DAE6E8 /* UserView.swift */,
				B1DF157B2714BE7B00DAE6E8 /* BankOperation.swift */,
				B1DF157F2714C7E900DAE6E8 /* BankView.swift */,
			);
			path = Implements;
			sourceTree = "<group>";
		};
		B1DF156D2714B92700DAE6E8 /* Menu */ = {
			isa = PBXGroup;
			children = (
				B13591F4270C8D8400A1555B /* ProfileMenuView.swift */,
				B13591F6270C8E6F00A1555B /* ProfileMenuViewController.swift */,
			);
			path = Menu;
			sourceTree = "<group>";
		};
		B1DF156E2714BA4B00DAE6E8 /* BankServices */ = {
			isa = PBXGroup;
			children = (
				B1DF156F2714BA6300DAE6E8 /* PaymentAndTransfer */,
			);
			path = BankServices;
			sourceTree = "<group>";
		};
		B1DF156F2714BA6300DAE6E8 /* PaymentAndTransfer */ = {
			isa = PBXGroup;
			children = (
				B1DF15702714BA7000DAE6E8 /* Payment */,
				B1DF15712714BB0100DAE6E8 /* PaymentAndTransferView.swift */,
				B1DF15732714BB2200DAE6E8 /* PaymentAndTransferViewController.swift */,
			);
			path = PaymentAndTransfer;
			sourceTree = "<group>";
		};
		B1DF15702714BA7000DAE6E8 /* Payment */ = {
			isa = PBXGroup;
			children = (
				B1DF15752714BBDA00DAE6E8 /* PaymentView.swift */,
				B1DF15772714BBF600DAE6E8 /* PaymentViewController.swift */,
			);
			path = Payment;
			sourceTree = "<group>";
		};
		B1E5E07A270F889000DA76CA /* Security */ = {
			isa = PBXGroup;
			children = (
				B1B8BCC9270B41C00057302D /* Login */,
				B1DF156B2714AEA700DAE6E8 /* Validations.swift */,
			);
			path = Security;
			sourceTree = "<group>";
		};
		B1E5E07B270F88FE00DA76CA /* Iti */ = {
			isa = PBXGroup;
			children = (
				B1DF156E2714BA4B00DAE6E8 /* BankServices */,
				B119045D270F47B5005DD675 /* Profile */,
				B1B8BCCE270B44880057302D /* Homepage */,
				B124E4DC2707E5450095B816 /* Welcome */,
			);
			path = Iti;
			sourceTree = "<group>";
		};
		B1F785012710E88400484DC4 /* Protocols */ = {
			isa = PBXGroup;
			children = (
				B1DF156A2714AE4200DAE6E8 /* Implements */,
				B1DF15612714AC1400DAE6E8 /* UserOperationProtocol.swift */,
				B1DF15632714AC7400DAE6E8 /* UserViewProtocol.swift */,
				B1DF15792714BCA900DAE6E8 /* BankOperationProtocol.swift */,
				B1DF157D2714C73200DAE6E8 /* BankViewProtocol.swift */,
			);
			path = Protocols;
			sourceTree = "<group>";
		};
/* End PBXGroup section */

/* Begin PBXNativeTarget section */
		B1876FF72705489A00ECA2D5 /* ItiSimulator */ = {
			isa = PBXNativeTarget;
			buildConfigurationList = B1876FFF2705489A00ECA2D5 /* Build configuration list for PBXNativeTarget "ItiSimulator" */;
			buildPhases = (
				B1876FF42705489A00ECA2D5 /* Sources */,
				B1876FF52705489A00ECA2D5 /* Frameworks */,
				B1876FF62705489A00ECA2D5 /* CopyFiles */,
			);
			buildRules = (
			);
			dependencies = (
			);
			name = ItiSimulator;
			productName = ItiSimulator;
			productReference = B1876FF82705489A00ECA2D5 /* ItiSimulator */;
			productType = "com.apple.product-type.tool";
		};
/* End PBXNativeTarget section */

/* Begin PBXProject section */
		B1876FF02705489A00ECA2D5 /* Project object */ = {
			isa = PBXProject;
			attributes = {
				BuildIndependentTargetsInParallel = 1;
				LastSwiftUpdateCheck = 1300;
				LastUpgradeCheck = 1300;
				TargetAttributes = {
					B1876FF72705489A00ECA2D5 = {
						CreatedOnToolsVersion = 13.0;
					};
				};
			};
			buildConfigurationList = B1876FF32705489A00ECA2D5 /* Build configuration list for PBXProject "Iti Simulator" */;
			compatibilityVersion = "Xcode 13.0";
			developmentRegion = en;
			hasScannedForEncodings = 0;
			knownRegions = (
				en,
				Base,
			);
			mainGroup = B1876FEF2705489A00ECA2D5;
			productRefGroup = B1876FF92705489A00ECA2D5 /* Products */;
			projectDirPath = "";
			projectRoot = "";
			targets = (
				B1876FF72705489A00ECA2D5 /* ItiSimulator */,
			);
		};
/* End PBXProject section */

/* Begin PBXSourcesBuildPhase section */
		B1876FF42705489A00ECA2D5 /* Sources */ = {
			isa = PBXSourcesBuildPhase;
			buildActionMask = 2147483647;
			files = (
				B16013B7270CCB690035F3CD /* EditProfileViewController.swift in Sources */,
				B1605525270F533B00E09B15 /* UserAccess.swift in Sources */,
				B16013B5270CC9F20035F3CD /* EditProfileView.swift in Sources */,
				B1B8BCCD270B42EC0057302D /* LoginViewController.swift in Sources */,
				B1DF15642714AC7400DAE6E8 /* UserViewProtocol.swift in Sources */,
				B1DF157A2714BCA900DAE6E8 /* BankOperationProtocol.swift in Sources */,
				B124E4DE2707E55C0095B816 /* WelcomeViewController.swift in Sources */,
				B1DF15602714A8F300DAE6E8 /* Address.swift in Sources */,
				B1DF15782714BBF600DAE6E8 /* PaymentViewController.swift in Sources */,
				B17999E1270803330073E5ED /* CreateProfileViewController.swift in Sources */,
				B1DF15722714BB0100DAE6E8 /* PaymentAndTransferView.swift in Sources */,
				B1DF157C2714BE7B00DAE6E8 /* BankOperation.swift in Sources */,
				B1DF157E2714C73200DAE6E8 /* BankViewProtocol.swift in Sources */,
				B1DF15622714AC1400DAE6E8 /* UserOperationProtocol.swift in Sources */,
				B124E4E02707E6720095B816 /* WelcomeView.swift in Sources */,
				B1359201270CA3BB00A1555B /* DeleteProfileViewController.swift in Sources */,
				B124E4E32707F44D0095B816 /* CreateProfileView.swift in Sources */,
				B1DF15692714AE0A00DAE6E8 /* UserView.swift in Sources */,
				B1DF15802714C7E900DAE6E8 /* BankView.swift in Sources */,
				B1DF15672714AD0000DAE6E8 /* UserOperation.swift in Sources */,
				B13591F7270C8E6F00A1555B /* ProfileMenuViewController.swift in Sources */,
				B1DF155E2714A78800DAE6E8 /* DataTest.swift in Sources */,
				B13591F5270C8D8400A1555B /* ProfileMenuView.swift in Sources */,
				B1DF15762714BBDA00DAE6E8 /* PaymentView.swift in Sources */,
				B1B8BCD0270B44B10057302D /* HomeView.swift in Sources */,
				B15A47E6270E6A2200473231 /* ControllerRoutes.swift in Sources */,
				B1DF155C2714A77F00DAE6E8 /* Database.swift in Sources */,
				B1037FAC2705594D004B3E3D /* User.swift in Sources */,
				B119045C270F3256005DD675 /* CreditCard.swift in Sources */,
				B1DF156C2714AEA700DAE6E8 /* Validations.swift in Sources */,
				B1876FFC2705489A00ECA2D5 /* main.swift in Sources */,
				B1190458270F2F9F005DD675 /* PixType.swift in Sources */,
				B1B8BCD2270B45410057302D /* HomeViewController.swift in Sources */,
				B1DF15742714BB2200DAE6E8 /* PaymentAndTransferViewController.swift in Sources */,
				B13591FC270C916500A1555B /* DisplayProfileViewController.swift in Sources */,
				B13591FF270C9D6300A1555B /* DeleteProfileView.swift in Sources */,
				B119045A270F303C005DD675 /* BankAccount.swift in Sources */,
				B13591FA270C914A00A1555B /* DisplayProfileView.swift in Sources */,
				B1B8BCCB270B41D40057302D /* LoginView.swift in Sources */,
			);
			runOnlyForDeploymentPostprocessing = 0;
		};
/* End PBXSourcesBuildPhase section */

/* Begin XCBuildConfiguration section */
		B1876FFD2705489A00ECA2D5 /* Debug */ = {
			isa = XCBuildConfiguration;
			buildSettings = {
				ALWAYS_SEARCH_USER_PATHS = NO;
				CLANG_ANALYZER_NONNULL = YES;
				CLANG_ANALYZER_NUMBER_OBJECT_CONVERSION = YES_AGGRESSIVE;
				CLANG_CXX_LANGUAGE_STANDARD = "gnu++17";
				CLANG_CXX_LIBRARY = "libc++";
				CLANG_ENABLE_MODULES = YES;
				CLANG_ENABLE_OBJC_ARC = YES;
				CLANG_ENABLE_OBJC_WEAK = YES;
				CLANG_WARN_BLOCK_CAPTURE_AUTORELEASING = YES;
				CLANG_WARN_BOOL_CONVERSION = YES;
				CLANG_WARN_COMMA = YES;
				CLANG_WARN_CONSTANT_CONVERSION = YES;
				CLANG_WARN_DEPRECATED_OBJC_IMPLEMENTATIONS = YES;
				CLANG_WARN_DIRECT_OBJC_ISA_USAGE = YES_ERROR;
				CLANG_WARN_DOCUMENTATION_COMMENTS = YES;
				CLANG_WARN_EMPTY_BODY = YES;
				CLANG_WARN_ENUM_CONVERSION = YES;
				CLANG_WARN_INFINITE_RECURSION = YES;
				CLANG_WARN_INT_CONVERSION = YES;
				CLANG_WARN_NON_LITERAL_NULL_CONVERSION = YES;
				CLANG_WARN_OBJC_IMPLICIT_RETAIN_SELF = YES;
				CLANG_WARN_OBJC_LITERAL_CONVERSION = YES;
				CLANG_WARN_OBJC_ROOT_CLASS = YES_ERROR;
				CLANG_WARN_QUOTED_INCLUDE_IN_FRAMEWORK_HEADER = YES;
				CLANG_WARN_RANGE_LOOP_ANALYSIS = YES;
				CLANG_WARN_STRICT_PROTOTYPES = YES;
				CLANG_WARN_SUSPICIOUS_MOVE = YES;
				CLANG_WARN_UNGUARDED_AVAILABILITY = YES_AGGRESSIVE;
				CLANG_WARN_UNREACHABLE_CODE = YES;
				CLANG_WARN__DUPLICATE_METHOD_MATCH = YES;
				COPY_PHASE_STRIP = NO;
				DEBUG_INFORMATION_FORMAT = dwarf;
				ENABLE_STRICT_OBJC_MSGSEND = YES;
				ENABLE_TESTABILITY = YES;
				GCC_C_LANGUAGE_STANDARD = gnu11;
				GCC_DYNAMIC_NO_PIC = NO;
				GCC_NO_COMMON_BLOCKS = YES;
				GCC_OPTIMIZATION_LEVEL = 0;
				GCC_PREPROCESSOR_DEFINITIONS = (
					"DEBUG=1",
					"$(inherited)",
				);
				GCC_WARN_64_TO_32_BIT_CONVERSION = YES;
				GCC_WARN_ABOUT_RETURN_TYPE = YES_ERROR;
				GCC_WARN_UNDECLARED_SELECTOR = YES;
				GCC_WARN_UNINITIALIZED_AUTOS = YES_AGGRESSIVE;
				GCC_WARN_UNUSED_FUNCTION = YES;
				GCC_WARN_UNUSED_VARIABLE = YES;
				MACOSX_DEPLOYMENT_TARGET = 11.3;
				MTL_ENABLE_DEBUG_INFO = INCLUDE_SOURCE;
				MTL_FAST_MATH = YES;
				ONLY_ACTIVE_ARCH = YES;
				SDKROOT = macosx;
				SWIFT_ACTIVE_COMPILATION_CONDITIONS = DEBUG;
				SWIFT_OPTIMIZATION_LEVEL = "-Onone";
			};
			name = Debug;
		};
		B1876FFE2705489A00ECA2D5 /* Release */ = {
			isa = XCBuildConfiguration;
			buildSettings = {
				ALWAYS_SEARCH_USER_PATHS = NO;
				CLANG_ANALYZER_NONNULL = YES;
				CLANG_ANALYZER_NUMBER_OBJECT_CONVERSION = YES_AGGRESSIVE;
				CLANG_CXX_LANGUAGE_STANDARD = "gnu++17";
				CLANG_CXX_LIBRARY = "libc++";
				CLANG_ENABLE_MODULES = YES;
				CLANG_ENABLE_OBJC_ARC = YES;
				CLANG_ENABLE_OBJC_WEAK = YES;
				CLANG_WARN_BLOCK_CAPTURE_AUTORELEASING = YES;
				CLANG_WARN_BOOL_CONVERSION = YES;
				CLANG_WARN_COMMA = YES;
				CLANG_WARN_CONSTANT_CONVERSION = YES;
				CLANG_WARN_DEPRECATED_OBJC_IMPLEMENTATIONS = YES;
				CLANG_WARN_DIRECT_OBJC_ISA_USAGE = YES_ERROR;
				CLANG_WARN_DOCUMENTATION_COMMENTS = YES;
				CLANG_WARN_EMPTY_BODY = YES;
				CLANG_WARN_ENUM_CONVERSION = YES;
				CLANG_WARN_INFINITE_RECURSION = YES;
				CLANG_WARN_INT_CONVERSION = YES;
				CLANG_WARN_NON_LITERAL_NULL_CONVERSION = YES;
				CLANG_WARN_OBJC_IMPLICIT_RETAIN_SELF = YES;
				CLANG_WARN_OBJC_LITERAL_CONVERSION = YES;
				CLANG_WARN_OBJC_ROOT_CLASS = YES_ERROR;
				CLANG_WARN_QUOTED_INCLUDE_IN_FRAMEWORK_HEADER = YES;
				CLANG_WARN_RANGE_LOOP_ANALYSIS = YES;
				CLANG_WARN_STRICT_PROTOTYPES = YES;
				CLANG_WARN_SUSPICIOUS_MOVE = YES;
				CLANG_WARN_UNGUARDED_AVAILABILITY = YES_AGGRESSIVE;
				CLANG_WARN_UNREACHABLE_CODE = YES;
				CLANG_WARN__DUPLICATE_METHOD_MATCH = YES;
				COPY_PHASE_STRIP = NO;
				DEBUG_INFORMATION_FORMAT = "dwarf-with-dsym";
				ENABLE_NS_ASSERTIONS = NO;
				ENABLE_STRICT_OBJC_MSGSEND = YES;
				GCC_C_LANGUAGE_STANDARD = gnu11;
				GCC_NO_COMMON_BLOCKS = YES;
				GCC_WARN_64_TO_32_BIT_CONVERSION = YES;
				GCC_WARN_ABOUT_RETURN_TYPE = YES_ERROR;
				GCC_WARN_UNDECLARED_SELECTOR = YES;
				GCC_WARN_UNINITIALIZED_AUTOS = YES_AGGRESSIVE;
				GCC_WARN_UNUSED_FUNCTION = YES;
				GCC_WARN_UNUSED_VARIABLE = YES;
				MACOSX_DEPLOYMENT_TARGET = 11.3;
				MTL_ENABLE_DEBUG_INFO = NO;
				MTL_FAST_MATH = YES;
				SDKROOT = macosx;
				SWIFT_COMPILATION_MODE = wholemodule;
				SWIFT_OPTIMIZATION_LEVEL = "-O";
			};
			name = Release;
		};
		B18770002705489A00ECA2D5 /* Debug */ = {
			isa = XCBuildConfiguration;
			buildSettings = {
				CODE_SIGN_STYLE = Automatic;
				DEVELOPMENT_TEAM = H626Z7SH74;
				ENABLE_HARDENED_RUNTIME = YES;
				PRODUCT_NAME = "$(TARGET_NAME)";
				SWIFT_VERSION = 5.0;
			};
			name = Debug;
		};
		B18770012705489A00ECA2D5 /* Release */ = {
			isa = XCBuildConfiguration;
			buildSettings = {
				CODE_SIGN_STYLE = Automatic;
				DEVELOPMENT_TEAM = H626Z7SH74;
				ENABLE_HARDENED_RUNTIME = YES;
				PRODUCT_NAME = "$(TARGET_NAME)";
				SWIFT_VERSION = 5.0;
			};
			name = Release;
		};
/* End XCBuildConfiguration section */

/* Begin XCConfigurationList section */
		B1876FF32705489A00ECA2D5 /* Build configuration list for PBXProject "Iti Simulator" */ = {
			isa = XCConfigurationList;
			buildConfigurations = (
				B1876FFD2705489A00ECA2D5 /* Debug */,
				B1876FFE2705489A00ECA2D5 /* Release */,
			);
			defaultConfigurationIsVisible = 0;
			defaultConfigurationName = Release;
		};
		B1876FFF2705489A00ECA2D5 /* Build configuration list for PBXNativeTarget "ItiSimulator" */ = {
			isa = XCConfigurationList;
			buildConfigurations = (
				B18770002705489A00ECA2D5 /* Debug */,
				B18770012705489A00ECA2D5 /* Release */,
			);
			defaultConfigurationIsVisible = 0;
			defaultConfigurationName = Release;
		};
/* End XCConfigurationList section */
	};
	rootObject = B1876FF02705489A00ECA2D5 /* Project object */;
}
